
Microsoft Visual Studio Solution File, Format Version 12.00
# Visual Studio Version 17
VisualStudioVersion = 17.5.002.0
MinimumVisualStudioVersion = 10.0.40219.1
Project("{9A19103F-16F7-4668-BE54-9A1E7A4F7556}") = "Laboratorio1", "Laboratorio1\Laboratorio1.csproj", "{F6C68822-135C-4F99-8BEC-101C43465964}"
EndProject
Project("{9A19103F-16F7-4668-BE54-9A1E7A4F7556}") = "Laboratorio2", "Laboratorio2\Laboratorio2.csproj", "{046CC4CD-7D56-4ADE-9F35-8B1625092ACE}"
EndProject
Project("{9A19103F-16F7-4668-BE54-9A1E7A4F7556}") = "Laboratorio3", "Laboratorio3\Laboratorio3.csproj", "{15046C02-FCC1-4448-8099-EF341C7DD251}"
EndProject
Project("{2150E333-8FDC-42A3-9474-1A3956D46DE8}") = "Laboratorio4", "Laboratorio4", "{F0790E36-9314-481F-B783-58634335B34A}"
EndProject
Project("{9A19103F-16F7-4668-BE54-9A1E7A4F7556}") = "Laboratorio4", "Laboratorio4\Laboratorio4\Laboratorio4.csproj", "{A7DD3FF3-F506-4894-8793-0B966EF6523D}"
EndProject
Project("{9A19103F-16F7-4668-BE54-9A1E7A4F7556}") = "Laboratorio4.Test", "Laboratorio4\Laboratorio4.Test\Laboratorio4.Test.csproj", "{447F084E-C778-4C67-BB90-2B371A92AFAA}"
EndProject
Project("{FAE04EC0-301F-11D3-BF4B-00C04F79EFBC}") = "Laboratorio5", "Laboratorio5\Laboratorio5.csproj", "{19F55CCD-CF58-43C7-9BC0-F58D2452F3C5}"
EndProject
Global
	GlobalSection(SolutionConfigurationPlatforms) = preSolution
		Debug|Any CPU = Debug|Any CPU
		Release|Any CPU = Release|Any CPU
	EndGlobalSection
	GlobalSection(ProjectConfigurationPlatforms) = postSolution
		{F6C68822-135C-4F99-8BEC-101C43465964}.Debug|Any CPU.ActiveCfg = Debug|Any CPU
		{F6C68822-135C-4F99-8BEC-101C43465964}.Debug|Any CPU.Build.0 = Debug|Any CPU
		{F6C68822-135C-4F99-8BEC-101C43465964}.Release|Any CPU.ActiveCfg = Release|Any CPU
		{F6C68822-135C-4F99-8BEC-101C43465964}.Release|Any CPU.Build.0 = Release|Any CPU
		{046CC4CD-7D56-4ADE-9F35-8B1625092ACE}.Debug|Any CPU.ActiveCfg = Debug|Any CPU
		{046CC4CD-7D56-4ADE-9F35-8B1625092ACE}.Debug|Any CPU.Build.0 = Debug|Any CPU
		{046CC4CD-7D56-4ADE-9F35-8B1625092ACE}.Release|Any CPU.ActiveCfg = Release|Any CPU
		{046CC4CD-7D56-4ADE-9F35-8B1625092ACE}.Release|Any CPU.Build.0 = Release|Any CPU
		{15046C02-FCC1-4448-8099-EF341C7DD251}.Debug|Any CPU.ActiveCfg = Debug|Any CPU
		{15046C02-FCC1-4448-8099-EF341C7DD251}.Debug|Any CPU.Build.0 = Debug|Any CPU
		{15046C02-FCC1-4448-8099-EF341C7DD251}.Release|Any CPU.ActiveCfg = Release|Any CPU
		{15046C02-FCC1-4448-8099-EF341C7DD251}.Release|Any CPU.Build.0 = Release|Any CPU
		{A7DD3FF3-F506-4894-8793-0B966EF6523D}.Debug|Any CPU.ActiveCfg = Debug|Any CPU
		{A7DD3FF3-F506-4894-8793-0B966EF6523D}.Debug|Any CPU.Build.0 = Debug|Any CPU
		{A7DD3FF3-F506-4894-8793-0B966EF6523D}.Release|Any CPU.ActiveCfg = Release|Any CPU
		{A7DD3FF3-F506-4894-8793-0B966EF6523D}.Release|Any CPU.Build.0 = Release|Any CPU
		{447F084E-C778-4C67-BB90-2B371A92AFAA}.Debug|Any CPU.ActiveCfg = Debug|Any CPU
		{447F084E-C778-4C67-BB90-2B371A92AFAA}.Debug|Any CPU.Build.0 = Debug|Any CPU
		{447F084E-C778-4C67-BB90-2B371A92AFAA}.Release|Any CPU.ActiveCfg = Release|Any CPU
		{447F084E-C778-4C67-BB90-2B371A92AFAA}.Release|Any CPU.Build.0 = Release|Any CPU
		{19F55CCD-CF58-43C7-9BC0-F58D2452F3C5}.Debug|Any CPU.ActiveCfg = Debug|Any CPU
		{19F55CCD-CF58-43C7-9BC0-F58D2452F3C5}.Debug|Any CPU.Build.0 = Debug|Any CPU
		{19F55CCD-CF58-43C7-9BC0-F58D2452F3C5}.Release|Any CPU.ActiveCfg = Release|Any CPU
		{19F55CCD-CF58-43C7-9BC0-F58D2452F3C5}.Release|Any CPU.Build.0 = Release|Any CPU
	EndGlobalSection
	GlobalSection(SolutionProperties) = preSolution
		HideSolutionNode = FALSE
	EndGlobalSection
	GlobalSection(NestedProjects) = preSolution
		{A7DD3FF3-F506-4894-8793-0B966EF6523D} = {F0790E36-9314-481F-B783-58634335B34A}
		{447F084E-C778-4C67-BB90-2B371A92AFAA} = {F0790E36-9314-481F-B783-58634335B34A}
	EndGlobalSection
	GlobalSection(ExtensibilityGlobals) = postSolution
		SolutionGuid = {F06F11F6-525D-42D8-85B8-63FBFDC874DB}
	EndGlobalSection
EndGlobal
